schema: '2.0'
stages:
  data_ingestion_stage:
    cmd: python email_spam_classification/data_ingestion.py
    deps:
    - path: data/raw/emails.csv
      hash: md5
      md5: 008dcf9ca6aab621d3b3831db6815867
      size: 503663
    - path: email_spam_classification/data_ingestion.py
      hash: md5
      md5: dceb0ef5a43599b799a1f61d1ba3c11c
      size: 2471
    outs:
    - path: data/interim/data.csv
      hash: md5
      md5: d3f53c30687ee709c8b54a02a40f654f
      size: 427525
  data_cleaning_stage:
    cmd: python email_spam_classification/data_cleaning.py
    deps:
    - path: data/interim/data.csv
      hash: md5
      md5: d3f53c30687ee709c8b54a02a40f654f
      size: 427525
    - path: email_spam_classification/data_cleaning.py
      hash: md5
      md5: fb1909da4015c2e8ff39a779e902d5b0
      size: 3962
    params:
      params.yaml:
        data_cleaning.test_size: 0.3
    outs:
    - path: data/interim/X_test.csv
      hash: md5
      md5: 4c632079af91fa722a75eb90a0a87860
      size: 76034
    - path: data/interim/X_train.csv
      hash: md5
      md5: b63549549de0aacb7facf71e9438cc35
      size: 177152
    - path: data/interim/y_test.csv
      hash: md5
      md5: 0e32a57dd0e4e98d0a949fefc99a78f4
      size: 3068
    - path: data/interim/y_train.csv
      hash: md5
      md5: a426b843a44faf3969476187d0caa9fb
      size: 7146
  feature_engineering_stage:
    cmd: python email_spam_classification/feature_engineering.py
    deps:
    - path: data/interim/X_test.csv
      hash: md5
      md5: 4c632079af91fa722a75eb90a0a87860
      size: 76034
    - path: data/interim/X_train.csv
      hash: md5
      md5: b63549549de0aacb7facf71e9438cc35
      size: 177152
    - path: data/interim/y_test.csv
      hash: md5
      md5: 0e32a57dd0e4e98d0a949fefc99a78f4
      size: 3068
    - path: data/interim/y_train.csv
      hash: md5
      md5: a426b843a44faf3969476187d0caa9fb
      size: 7146
    - path: email_spam_classification/feature_engineering.py
      hash: md5
      md5: e71504aa2810eea39038198b38a1965a
      size: 3157
    params:
      params.yaml:
        feature_engineering.CountVectorizer.max_features: 10000
        feature_engineering.CountVectorizer.ngram_range:
        - 1
        - 3
        feature_engineering.TfIdfVectorizer.max_features: 10000
        feature_engineering.TfIdfVectorizer.ngram_range:
        - 1
        - 2
        feature_engineering.type: TfIdfVectorizer
    outs:
    - path: data/processed/X_test.csv
      hash: md5
      md5: 4a4022fb68cd26d75a3206010b8dd0d0
      size: 61472381
    - path: data/processed/X_train.csv
      hash: md5
      md5: 8f1d69977f9aab4d31a072b3bdf7c2a7
      size: 143421417
    - path: data/processed/y_test.csv
      hash: md5
      md5: 0e32a57dd0e4e98d0a949fefc99a78f4
      size: 3068
    - path: data/processed/y_train.csv
      hash: md5
      md5: a426b843a44faf3969476187d0caa9fb
      size: 7146
  model_building_stage:
    cmd: python email_spam_classification/model_building.py
    deps:
    - path: data/processed/X_train.csv
      hash: md5
      md5: 8f1d69977f9aab4d31a072b3bdf7c2a7
      size: 143421417
    - path: data/processed/y_train.csv
      hash: md5
      md5: a426b843a44faf3969476187d0caa9fb
      size: 7146
    - path: email_spam_classification/model_building.py
      hash: md5
      md5: a6049fc448fdce8e577f447b2b9daf72
      size: 2987
    params:
      params.yaml:
        model_building.GaussianNB.priors:
        model_building.GaussianNB.var_smoothing: 1e-09
        model_building.LogisticRegression.C: 1.0
        model_building.LogisticRegression.max_iter: 100
        model_building.LogisticRegression.penalty: l2
        model_building.LogisticRegression.random_state: 42
        model_building.LogisticRegression.solver: lbfgs
        model_building.RandomForest.max_depth:
        model_building.RandomForest.min_samples_leaf: 1
        model_building.RandomForest.min_samples_split: 2
        model_building.RandomForest.n_estimators: 100
        model_building.RandomForest.random_state: 42
        model_building.SVM.C: 1.0
        model_building.SVM.gamma: scale
        model_building.SVM.kernel: rbf
        model_building.SVM.random_state: 42
        model_building.type: LogisticRegression
    outs:
    - path: models/model.pkl
      hash: md5
      md5: b47370011a409af6998d72c50d2ad1bc
      size: 149744
  model_evaluation_stage:
    cmd: python email_spam_classification/model_evaluation.py
    deps:
    - path: data/processed/X_test.csv
      hash: md5
      md5: 4a4022fb68cd26d75a3206010b8dd0d0
      size: 61472381
    - path: data/processed/y_test.csv
      hash: md5
      md5: 0e32a57dd0e4e98d0a949fefc99a78f4
      size: 3068
    - path: email_spam_classification/model_evaluation.py
      hash: md5
      md5: f5d60d8a37761ab18a3d83c374c49e58
      size: 2529
    - path: models/model.pkl
      hash: md5
      md5: b47370011a409af6998d72c50d2ad1bc
      size: 149744
    outs:
    - path: metrics.json
      hash: md5
      md5: 977349dd8eb92d304eeae809613d776d
      size: 108
