schema: '2.0'
stages:
  data_ingestion_stage:
    cmd: python -m email_spam_classification.data_ingestion
    deps:
    - path: data/emails.csv
      hash: md5
      md5: 008dcf9ca6aab621d3b3831db6815867
      size: 503663
    - path: email_spam_classification/data_ingestion.py
      hash: md5
      md5: fbcae01260c67313ad77e4e91ab0ad68
      size: 3111
    outs:
    - path: data/raw/
      hash: md5
      md5: 627c1d3ae35f97076407f3e904366924.dir
      size: 83470
      nfiles: 1
  data_cleaning_stage:
    cmd: python -m email_spam_classification.data_cleaning
    deps:
    - path: data/raw/
      hash: md5
      md5: 627c1d3ae35f97076407f3e904366924.dir
      size: 83470
      nfiles: 1
    - path: email_spam_classification/data_cleaning.py
      hash: md5
      md5: 9a8f1e24813959eb32da02e68b2654d4
      size: 2603
    - path: utils/text_cleaner.py
      hash: md5
      md5: fc0b15e7bdfc41ee511cc97403c4f369
      size: 1692
    params:
      params.yaml:
        data_cleaning.test_size: 0.2
    outs:
    - path: data/interim/
      hash: md5
      md5: c5656721c119af6d21bd02e6ea4ac54e.dir
      size: 52948
      nfiles: 4
    - path: models/text_cleaner.pkl
      hash: md5
      md5: fa0a8cebf253be32633a49b1ad03ad2f
      size: 16404914
  feature_engineering_stage:
    cmd: python -m email_spam_classification.feature_engineering
    deps:
    - path: data/interim/
      hash: md5
      md5: c5656721c119af6d21bd02e6ea4ac54e.dir
      size: 52948
      nfiles: 4
    - path: email_spam_classification/feature_engineering.py
      hash: md5
      md5: 5183fc744ecdb13147f444b3efe155ab
      size: 3287
    params:
      params.yaml:
        feature_engineering.TfIdfVectorizer.max_features: 10000
        feature_engineering.TfIdfVectorizer.ngram_range:
        - 1
        - 2
        feature_engineering.type: TfIdfVectorizer
    outs:
    - path: data/processed/
      hash: md5
      md5: 68098a270acca39bd6b5497cd6544970.dir
      size: 32183604
      nfiles: 4
    - path: models/text_vectorizer.pkl
      hash: md5
      md5: c3aad8aefc3bd4da1fdbc6896aea07f1
      size: 314552
  model_building_stage:
    cmd: python -m email_spam_classification.model_building
    deps:
    - path: data/processed/
      hash: md5
      md5: 68098a270acca39bd6b5497cd6544970.dir
      size: 32183604
      nfiles: 4
    - path: email_spam_classification/model_building.py
      hash: md5
      md5: d32205a3ae5bf9354a1cfb66e578ac76
      size: 2974
    params:
      params.yaml:
        model_building.RandomForest.max_depth: 30
        model_building.RandomForest.min_samples_leaf: 10
        model_building.RandomForest.min_samples_split: 5
        model_building.RandomForest.n_estimators: 500
        model_building.RandomForest.random_state: 42
        model_building.type: RandomForest
    outs:
    - path: models/model.pkl
      hash: md5
      md5: 541383fefaf595ff43f6da0ab65f8e26
      size: 334546
  model_evaluation_stage:
    cmd: python -m email_spam_classification.model_evaluation
    deps:
    - path: data/processed/
      hash: md5
      md5: 68098a270acca39bd6b5497cd6544970.dir
      size: 32183604
      nfiles: 4
    - path: email_spam_classification/model_evaluation.py
      hash: md5
      md5: a4a7152a2d4e3dad7ddf142345113fc3
      size: 5348
    - path: models/model.pkl
      hash: md5
      md5: 541383fefaf595ff43f6da0ab65f8e26
      size: 334546
    outs:
    - path: metrics.json
      hash: md5
      md5: 5c264881ea037fb3bfc037008d030b54
      size: 82
  stage_change:
    cmd: python email_spam_classification/model_stage_change.py
